Microsoft Visual Studio Solution File, Format Version 12.00
# Visual Studio 2012
Project("{FAE04EC0-301F-11D3-BF4B-00C04F79EFBC}") = "Digital Gardening", "Digital Gardening.csproj", "{A8F5B28D-0506-474D-AD9C-A9BDEE4EF0EF}"
EndProject
Global
	GlobalSection(SolutionConfigurationPlatforms) = preSolution
	Debug|Any CPU = Debug|Any CPU
	ExportDebug|Any CPU = ExportDebug|Any CPU
	ExportRelease|Any CPU = ExportRelease|Any CPU
	EndGlobalSection
	GlobalSection(ProjectConfigurationPlatforms) = postSolution
		{A8F5B28D-0506-474D-AD9C-A9BDEE4EF0EF}.Debug|Any CPU.ActiveCfg = Debug|Any CPU
		{A8F5B28D-0506-474D-AD9C-A9BDEE4EF0EF}.Debug|Any CPU.Build.0 = Debug|Any CPU
		{A8F5B28D-0506-474D-AD9C-A9BDEE4EF0EF}.ExportDebug|Any CPU.ActiveCfg = ExportDebug|Any CPU
		{A8F5B28D-0506-474D-AD9C-A9BDEE4EF0EF}.ExportDebug|Any CPU.Build.0 = ExportDebug|Any CPU
		{A8F5B28D-0506-474D-AD9C-A9BDEE4EF0EF}.ExportRelease|Any CPU.ActiveCfg = ExportRelease|Any CPU
		{A8F5B28D-0506-474D-AD9C-A9BDEE4EF0EF}.ExportRelease|Any CPU.Build.0 = ExportRelease|Any CPU
	EndGlobalSection
EndGlobal
